
Microsoft Visual Studio Solution File, Format Version 12.00
# Visual Studio Version 17
VisualStudioVersion = 17.3.32929.385
MinimumVisualStudioVersion = 10.0.40219.1
Project("{FAE04EC0-301F-11D3-BF4B-00C04F79EFBC}") = "CS_Using_HashSet", "CS_Using_HashSet\CS_Using_HashSet.csproj", "{FFD8F03C-5BC9-45AA-BD01-34CBAF75CE03}"
EndProject
Global
	GlobalSection(SolutionConfigurationPlatforms) = preSolution
		Debug|Any CPU = Debug|Any CPU
		Release|Any CPU = Release|Any CPU
	EndGlobalSection
	GlobalSection(ProjectConfigurationPlatforms) = postSolution
		{FFD8F03C-5BC9-45AA-BD01-34CBAF75CE03}.Debug|Any CPU.ActiveCfg = Debug|Any CPU
		{FFD8F03C-5BC9-45AA-BD01-34CBAF75CE03}.Debug|Any CPU.Build.0 = Debug|Any CPU
		{FFD8F03C-5BC9-45AA-BD01-34CBAF75CE03}.Release|Any CPU.ActiveCfg = Release|Any CPU
		{FFD8F03C-5BC9-45AA-BD01-34CBAF75CE03}.Release|Any CPU.Build.0 = Release|Any CPU
	EndGlobalSection
	GlobalSection(SolutionProperties) = preSolution
		HideSolutionNode = FALSE
	EndGlobalSection
	GlobalSection(ExtensibilityGlobals) = postSolution
		SolutionGuid = {B69D9D72-B985-49C8-A9D2-189A054A6A19}
	EndGlobalSection
EndGlobal
